# This file is automatically @generated by Cargo.
# It is not intended for manual editing.
version = 4

[[package]]
name = "aligned"
version = "0.4.2"
source = "git+https://github.com/korran/aligned?rev=00818cf81d7c858bec568c63f847bf6be840100e#00818cf81d7c858bec568c63f847bf6be840100e"
dependencies = [
 "as-slice",
]

[[package]]
name = "as-slice"
version = "0.2.1"
source = "registry+https://github.com/rust-lang/crates.io-index"
checksum = "516b6b4f0e40d50dcda9365d53964ec74560ad4284da2e7fc97122cd83174516"
dependencies = [
 "stable_deref_trait",
]

[[package]]
name = "direct-cargo-bazel-deps"
version = "0.0.1"
dependencies = [
 "aligned",
 "zerocopy",
 "zerocopy-derive",
]

[[package]]
name = "proc-macro2"
version = "1.0.95"
source = "registry+https://github.com/rust-lang/crates.io-index"
checksum = "02b3e5e68a3a1a02aad3ec490a98007cbc13c37cbe84a3cd7b8e406d76e7f778"
dependencies = [
 "unicode-ident",
]

[[package]]
name = "quote"
version = "1.0.40"
source = "registry+https://github.com/rust-lang/crates.io-index"
checksum = "1885c039570dc00dcb4ff087a89e185fd56bae234ddc7f056a945bf36467248d"
dependencies = [
 "proc-macro2",
]

[[package]]
name = "stable_deref_trait"
version = "1.2.0"
source = "registry+https://github.com/rust-lang/crates.io-index"
checksum = "a8f112729512f8e442d81f95a8a7ddf2b7c6b8a1a6f509a95864142b30cab2d3"

[[package]]
name = "syn"
version = "2.0.104"
source = "registry+https://github.com/rust-lang/crates.io-index"
checksum = "17b6f705963418cdb9927482fa304bc562ece2fdd4f616084c50b7023b435a40"
dependencies = [
 "proc-macro2",
 "quote",
 "unicode-ident",
]

[[package]]
name = "unicode-ident"
version = "1.0.18"
source = "registry+https://github.com/rust-lang/crates.io-index"
checksum = "5a5f39404a5da50712a4c1eecf25e90dd62b613502b7e925fd4e4d19b5c96512"

[[package]]
name = "zerocopy"
version = "0.8.38"
source = "registry+https://github.com/rust-lang/crates.io-index"
checksum = "57cf3aa6855b23711ee9852dfc97dfaa51c45feaba5b645d0c777414d494a961"
dependencies = [
 "zerocopy-derive",
]

[[package]]
name = "zerocopy-derive"
version = "0.8.38"
source = "registry+https://github.com/rust-lang/crates.io-index"
checksum = "8a616990af1a287837c4fe6596ad77ef57948f787e46ce28e166facc0cc1cb75"
dependencies = [
 "proc-macro2",
 "quote",
 "syn",
]
